// !$*UTF8*$!
{
	archiveVersion = 1;
	classes = {
	};
	objectVersion = 46;
	objects = {

/* Begin PBXBuildFile section */
		622A48E61F31472200D7D239 /* AppDelegate.swift in Sources */ = {isa = PBXBuildFile; fileRef = 622A48E51F31472200D7D239 /* AppDelegate.swift */; };
		622A48E81F31472200D7D239 /* ViewController.swift in Sources */ = {isa = PBXBuildFile; fileRef = 622A48E71F31472200D7D239 /* ViewController.swift */; };
		622A48EB1F31472200D7D239 /* Main.storyboard in Resources */ = {isa = PBXBuildFile; fileRef = 622A48E91F31472200D7D239 /* Main.storyboard */; };
		622A48ED1F31472200D7D239 /* Assets.xcassets in Resources */ = {isa = PBXBuildFile; fileRef = 622A48EC1F31472200D7D239 /* Assets.xcassets */; };
		622A48F01F31472200D7D239 /* LaunchScreen.storyboard in Resources */ = {isa = PBXBuildFile; fileRef = 622A48EE1F31472200D7D239 /* LaunchScreen.storyboard */; };
/* End PBXBuildFile section */

/* Begin PBXFileReference section */
		622A48E21F31472200D7D239 /* AnimationJob.app */ = {isa = PBXFileReference; explicitFileType = wrapper.application; includeInIndex = 0; path = AnimationJob.app; sourceTree = BUILT_PRODUCTS_DIR; };
		622A48E51F31472200D7D239 /* AppDelegate.swift */ = {isa = PBXFileReference; lastKnownFileType = sourcecode.swift; path = AppDelegate.swift; sourceTree = "<group>"; };
		622A48E71F31472200D7D239 /* ViewController.swift */ = {isa = PBXFileReference; lastKnownFileType = sourcecode.swift; path = ViewController.swift; sourceTree = "<group>"; };
		622A48EA1F31472200D7D239 /* Base */ = {isa = PBXFileReference; lastKnownFileType = file.storyboard; name = Base; path = Base.lproj/Main.storyboard; sourceTree = "<group>"; };
		622A48EC1F31472200D7D239 /* Assets.xcassets */ = {isa = PBXFileReference; lastKnownFileType = folder.assetcatalog; path = Assets.xcassets; sourceTree = "<group>"; };
		622A48EF1F31472200D7D239 /* Base */ = {isa = PBXFileReference; lastKnownFileType = file.storyboard; name = Base; path = Base.lproj/LaunchScreen.storyboard; sourceTree = "<group>"; };
		622A48F11F31472200D7D239 /* Info.plist */ = {isa = PBXFileReference; lastKnownFileType = text.plist.xml; path = Info.plist; sourceTree = "<group>"; };
/* End PBXFileReference section */

/* Begin PBXFrameworksBuildPhase section */
		622A48DF1F31472200D7D239 /* Frameworks */ = {
			isa = PBXFrameworksBuildPhase;
			buildActionMask = 2147483647;
			files = (
			);
			runOnlyForDeploymentPostprocessing = 0;
		};
/* End PBXFrameworksBuildPhase section */

/* Begin PBXGroup section */
		622A48D91F31472200D7D239 = {
			isa = PBXGroup;
			children = (
				622A48E41F31472200D7D239 /* AnimationJob */,
				622A48E31F31472200D7D239 /* Products */,
			);
			sourceTree = "<group>";
		};
		622A48E31F31472200D7D239 /* Products */ = {
			isa = PBXGroup;
			children = (
				622A48E21F31472200D7D239 /* AnimationJob.app */,
			);
			name = Products;
			sourceTree = "<group>";
		};
		622A48E41F31472200D7D239 /* AnimationJob */ = {
			isa = PBXGroup;
			children = (
				622A48E51F31472200D7D239 /* AppDelegate.swift */,
				622A48E71F31472200D7D239 /* ViewController.swift */,
				622A48E91F31472200D7D239 /* Main.storyboard */,
				622A48EC1F31472200D7D239 /* Assets.xcassets */,
				622A48EE1F31472200D7D239 /* LaunchScreen.storyboard */,
				622A48F11F31472200D7D239 /* Info.plist */,
			);
			path = AnimationJob;
			sourceTree = "<group>";
		};
/* End PBXGroup section */

/* Begin PBXNativeTarget section */
		622A48E11F31472200D7D239 /* AnimationJob */ = {
			isa = PBXNativeTarget;
			buildConfigurationList = 622A48F41F31472200D7D239 /* Build configuration list for PBXNativeTarget "AnimationJob" */;
			buildPhases = (
				622A48DE1F31472200D7D239 /* Sources */,
				622A48DF1F31472200D7D239 /* Frameworks */,
				622A48E01F31472200D7D239 /* Resources */,
			);
			buildRules = (
			);
			dependencies = (
			);
			name = AnimationJob;
			productName = AnimationJob;
			productReference = 622A48E21F31472200D7D239 /* AnimationJob.app */;
			productType = "com.apple.product-type.application";
		};
/* End PBXNativeTarget section */

/* Begin PBXProject section */
		622A48DA1F31472200D7D239 /* Project object */ = {
			isa = PBXProject;
			attributes = {
				LastSwiftUpdateCheck = 0830;
				LastUpgradeCheck = 0830;
				ORGANIZATIONNAME = "Biken Maharjan";
				TargetAttributes = {
					622A48E11F31472200D7D239 = {
						CreatedOnToolsVersion = 8.3.3;
						DevelopmentTeam = PTV3YS2VRE;
						ProvisioningStyle = Automatic;
					};
				};
			};
			buildConfigurationList = 622A48DD1F31472200D7D239 /* Build configuration list for PBXProject "AnimationJob" */;
			compatibilityVersion = "Xcode 3.2";
			developmentRegion = English;
			hasScannedForEncodings = 0;
			knownRegions = (
				en,
				Base,
			);
			mainGroup = 622A48D91F31472200D7D239;
			productRefGroup = 622A48E31F31472200D7D239 /* Products */;
			projectDirPath = "";
			projectRoot = "";
			targets = (
				622A48E11F31472200D7D239 /* AnimationJob */,
			);
		};
/* End PBXProject section */

/* Begin PBXResourcesBuildPhase section */
		622A48E01F31472200D7D239 /* Resources */ = {
			isa = PBXResourcesBuildPhase;
			buildActionMask = 2147483647;
			files = (
				622A48F01F31472200D7D239 /* LaunchScreen.storyboard in Resources */,
				622A48ED1F31472200D7D239 /* Assets.xcassets in Resources */,
				622A48EB1F31472200D7D239 /* Main.storyboard in Resources */,
			);
			runOnlyForDeploymentPostprocessing = 0;
		};
/* End PBXResourcesBuildPhase section */

/* Begin PBXSourcesBuildPhase section */
		622A48DE1F31472200D7D239 /* Sources */ = {
			isa = PBXSourcesBuildPhase;
			buildActionMask = 2147483647;
			files = (
				622A48E81F31472200D7D239 /* ViewController.swift in Sources */,
				622A48E61F31472200D7D239 /* AppDelegate.swift in Sources */,
			);
			runOnlyForDeploymentPostprocessing = 0;
		};
/* End PBXSourcesBuildPhase section */

/* Begin PBXVariantGroup section */
		622A48E91F31472200D7D239 /* Main.storyboard */ = {
			isa = PBXVariantGroup;
			children = (
				622A48EA1F31472200D7D239 /* Base */,
			);
			name = Main.storyboard;
			sourceTree = "<group>";
		};
		622A48EE1F31472200D7D239 /* LaunchScreen.storyboard */ = {
			isa = PBXVariantGroup;
			children = (
				622A48EF1F31472200D7D239 /* Base */,
			);
			name = LaunchScreen.storyboard;
			sourceTree = "<group>";
		};
/* End PBXVariantGroup section */

/* Begin XCBuildConfiguration section */
		622A48F21F31472200D7D239 /* Debug */ = {
			isa = XCBuildConfiguration;
			buildSettings = {
				ALWAYS_SEARCH_USER_PATHS = NO;
				CLANG_ANALYZER_NONNULL = YES;
				CLANG_ANALYZER_NUMBER_OBJECT_CONVERSION = YES_AGGRESSIVE;
				CLANG_CXX_LANGUAGE_STANDARD = "gnu++0x";
				CLANG_CXX_LIBRARY = "libc++";
				CLANG_ENABLE_MODULES = YES;
				CLANG_ENABLE_OBJC_ARC = YES;
				CLANG_WARN_BOOL_CONVERSION = YES;
				CLANG_WARN_CONSTANT_CONVERSION = YES;
				CLANG_WARN_DIRECT_OBJC_ISA_USAGE = YES_ERROR;
				CLANG_WARN_DOCUMENTATION_COMMENTS = YES;
				CLANG_WARN_EMPTY_BODY = YES;
				CLANG_WARN_ENUM_CONVERSION = YES;
				CLANG_WARN_INFINITE_RECURSION = YES;
				CLANG_WARN_INT_CONVERSION = YES;
				CLANG_WARN_OBJC_ROOT_CLASS = YES_ERROR;
				CLANG_WARN_SUSPICIOUS_MOVE = YES;
				CLANG_WARN_UNREACHABLE_CODE = YES;
				CLANG_WARN__DUPLICATE_METHOD_MATCH = YES;
				"CODE_SIGN_IDENTITY[sdk=iphoneos*]" = "iPhone Developer";
				COPY_PHASE_STRIP = NO;
				DEBUG_INFORMATION_FORMAT = dwarf;
				ENABLE_STRICT_OBJC_MSGSEND = YES;
				ENABLE_TESTABILITY = YES;
				GCC_C_LANGUAGE_STANDARD = gnu99;
				GCC_DYNAMIC_NO_PIC = NO;
				GCC_NO_COMMON_BLOCKS = YES;
				GCC_OPTIMIZATION_LEVEL = 0;
				GCC_PREPROCESSOR_DEFINITIONS = (
					"DEBUG=1",
					"$(inherited)",
				);
				GCC_WARN_64_TO_32_BIT_CONVERSION = YES;
				GCC_WARN_ABOUT_RETURN_TYPE = YES_ERROR;
				GCC_WARN_UNDECLARED_SELECTOR = YES;
				GCC_WARN_UNINITIALIZED_AUTOS = YES_AGGRESSIVE;
				GCC_WARN_UNUSED_FUNCTION = YES;
				GCC_WARN_UNUSED_VARIABLE = YES;
				IPHONEOS_DEPLOYMENT_TARGET = 10.3;
				MTL_ENABLE_DEBUG_INFO = YES;
				ONLY_ACTIVE_ARCH = YES;
				SDKROOT = iphoneos;
				SWIFT_ACTIVE_COMPILATION_CONDITIONS = DEBUG;
				SWIFT_OPTIMIZATION_LEVEL = "-Onone";
				TARGETED_DEVICE_FAMILY = "1,2";
			};
			name = Debug;
		};
		622A48F31F31472200D7D239 /* Release */ = {
			isa = XCBuildConfiguration;
			buildSettings = {
				ALWAYS_SEARCH_USER_PATHS = NO;
				CLANG_ANALYZER_NONNULL = YES;
				CLANG_ANALYZER_NUMBER_OBJECT_CONVERSION = YES_AGGRESSIVE;
				CLANG_CXX_LANGUAGE_STANDARD = "gnu++0x";
				CLANG_CXX_LIBRARY = "libc++";
				CLANG_ENABLE_MODULES = YES;
				CLANG_ENABLE_OBJC_ARC = YES;
				CLANG_WARN_BOOL_CONVERSION = YES;
				CLANG_WARN_CONSTANT_CONVERSION = YES;
				CLANG_WARN_DIRECT_OBJC_ISA_USAGE = YES_ERROR;
				CLANG_WARN_DOCUMENTATION_COMMENTS = YES;
				CLANG_WARN_EMPTY_BODY = YES;
				CLANG_WARN_ENUM_CONVERSION = YES;
				CLANG_WARN_INFINITE_RECURSION = YES;
				CLANG_WARN_INT_CONVERSION = YES;
				CLANG_WARN_OBJC_ROOT_CLASS = YES_ERROR;
				CLANG_WARN_SUSPICIOUS_MOVE = YES;
				CLANG_WARN_UNREACHABLE_CODE = YES;
				CLANG_WARN__DUPLICATE_METHOD_MATCH = YES;
				"CODE_SIGN_IDENTITY[sdk=iphoneos*]" = "iPhone Developer";
				COPY_PHASE_STRIP = NO;
				DEBUG_INFORMATION_FORMAT = "dwarf-with-dsym";
				ENABLE_NS_ASSERTIONS = NO;
				ENABLE_STRICT_OBJC_MSGSEND = YES;
				GCC_C_LANGUAGE_STANDARD = gnu99;
				GCC_NO_COMMON_BLOCKS = YES;
				GCC_WARN_64_TO_32_BIT_CONVERSION = YES;
				GCC_WARN_ABOUT_RETURN_TYPE = YES_ERROR;
				GCC_WARN_UNDECLARED_SELECTOR = YES;
				GCC_WARN_UNINITIALIZED_AUTOS = YES_AGGRESSIVE;
				GCC_WARN_UNUSED_FUNCTION = YES;
				GCC_WARN_UNUSED_VARIABLE = YES;
				IPHONEOS_DEPLOYMENT_TARGET = 10.3;
				MTL_ENABLE_DEBUG_INFO = NO;
				SDKROOT = iphoneos;
				SWIFT_OPTIMIZATION_LEVEL = "-Owholemodule";
				TARGETED_DEVICE_FAMILY = "1,2";
				VALIDATE_PRODUCT = YES;
			};
			name = Release;
		};
		622A48F51F31472200D7D239 /* Debug */ = {
			isa = XCBuildConfiguration;
			buildSettings = {
				ASSETCATALOG_COMPILER_APPICON_NAME = AppIcon;
				DEVELOPMENT_TEAM = PTV3YS2VRE;
				INFOPLIST_FILE = AnimationJob/Info.plist;
				LD_RUNPATH_SEARCH_PATHS = "$(inherited) @executable_path/Frameworks";
				PRODUCT_BUNDLE_IDENTIFIER = projectKindle.AnimationJob;
				PRODUCT_NAME = "$(TARGET_NAME)";
				SWIFT_VERSION = 3.0;
			};
			name = Debug;
		};
		622A48F61F31472200D7D239 /* Release */ = {
			isa = XCBuildConfiguration;
			buildSettings = {
				ASSETCATALOG_COMPILER_APPICON_NAME = AppIcon;
				DEVELOPMENT_TEAM = PTV3YS2VRE;
				INFOPLIST_FILE = AnimationJob/Info.plist;
				LD_RUNPATH_SEARCH_PATHS = "$(inherited) @executable_path/Frameworks";
				PRODUCT_BUNDLE_IDENTIFIER = projectKindle.AnimationJob;
				PRODUCT_NAME = "$(TARGET_NAME)";
				SWIFT_VERSION = 3.0;
			};
			name = Release;
		};
/* End XCBuildConfiguration section */

/* Begin XCConfigurationList section */
		622A48DD1F31472200D7D239 /* Build configuration list for PBXProject "AnimationJob" */ = {
			isa = XCConfigurationList;
			buildConfigurations = (
				622A48F21F31472200D7D239 /* Debug */,
				622A48F31F31472200D7D239 /* Release */,
			);
			defaultConfigurationIsVisible = 0;
			defaultConfigurationName = Release;
		};
		622A48F41F31472200D7D239 /* Build configuration list for PBXNativeTarget "AnimationJob" */ = {
			isa = XCConfigurationList;
			buildConfigurations = (
				622A48F51F31472200D7D239 /* Debug */,
				622A48F61F31472200D7D239 /* Release */,
			);
			defaultConfigurationIsVisible = 0;
		};
/* End XCConfigurationList section */
	};
	rootObject = 622A48DA1F31472200D7D239 /* Project object */;
}
