// !$*UTF8*$!
{
	archiveVersion = 1;
	classes = {
	};
	objectVersion = 46;
	objects = {

/* Begin PBXBuildFile section */
		629B89E21F33694800DB12AD /* AppDelegate.swift in Sources */ = {isa = PBXBuildFile; fileRef = 629B89E11F33694800DB12AD /* AppDelegate.swift */; };
		629B89E41F33694800DB12AD /* ViewController.swift in Sources */ = {isa = PBXBuildFile; fileRef = 629B89E31F33694800DB12AD /* ViewController.swift */; };
		629B89E71F33694900DB12AD /* Main.storyboard in Resources */ = {isa = PBXBuildFile; fileRef = 629B89E51F33694900DB12AD /* Main.storyboard */; };
		629B89E91F33694A00DB12AD /* Assets.xcassets in Resources */ = {isa = PBXBuildFile; fileRef = 629B89E81F33694A00DB12AD /* Assets.xcassets */; };
		629B89EC1F33694B00DB12AD /* LaunchScreen.storyboard in Resources */ = {isa = PBXBuildFile; fileRef = 629B89EA1F33694B00DB12AD /* LaunchScreen.storyboard */; };
/* End PBXBuildFile section */

/* Begin PBXFileReference section */
		629B89DE1F33694800DB12AD /* convience.app */ = {isa = PBXFileReference; explicitFileType = wrapper.application; includeInIndex = 0; path = convience.app; sourceTree = BUILT_PRODUCTS_DIR; };
		629B89E11F33694800DB12AD /* AppDelegate.swift */ = {isa = PBXFileReference; lastKnownFileType = sourcecode.swift; path = AppDelegate.swift; sourceTree = "<group>"; };
		629B89E31F33694800DB12AD /* ViewController.swift */ = {isa = PBXFileReference; lastKnownFileType = sourcecode.swift; path = ViewController.swift; sourceTree = "<group>"; };
		629B89E61F33694900DB12AD /* Base */ = {isa = PBXFileReference; lastKnownFileType = file.storyboard; name = Base; path = Base.lproj/Main.storyboard; sourceTree = "<group>"; };
		629B89E81F33694A00DB12AD /* Assets.xcassets */ = {isa = PBXFileReference; lastKnownFileType = folder.assetcatalog; path = Assets.xcassets; sourceTree = "<group>"; };
		629B89EB1F33694B00DB12AD /* Base */ = {isa = PBXFileReference; lastKnownFileType = file.storyboard; name = Base; path = Base.lproj/LaunchScreen.storyboard; sourceTree = "<group>"; };
		629B89ED1F33694C00DB12AD /* Info.plist */ = {isa = PBXFileReference; lastKnownFileType = text.plist.xml; path = Info.plist; sourceTree = "<group>"; };
/* End PBXFileReference section */

/* Begin PBXFrameworksBuildPhase section */
		629B89DB1F33694800DB12AD /* Frameworks */ = {
			isa = PBXFrameworksBuildPhase;
			buildActionMask = 2147483647;
			files = (
			);
			runOnlyForDeploymentPostprocessing = 0;
		};
/* End PBXFrameworksBuildPhase section */

/* Begin PBXGroup section */
		629B89D51F33694600DB12AD = {
			isa = PBXGroup;
			children = (
				629B89E01F33694800DB12AD /* convience */,
				629B89DF1F33694800DB12AD /* Products */,
			);
			sourceTree = "<group>";
		};
		629B89DF1F33694800DB12AD /* Products */ = {
			isa = PBXGroup;
			children = (
				629B89DE1F33694800DB12AD /* convience.app */,
			);
			name = Products;
			sourceTree = "<group>";
		};
		629B89E01F33694800DB12AD /* convience */ = {
			isa = PBXGroup;
			children = (
				629B89E11F33694800DB12AD /* AppDelegate.swift */,
				629B89E31F33694800DB12AD /* ViewController.swift */,
				629B89E51F33694900DB12AD /* Main.storyboard */,
				629B89E81F33694A00DB12AD /* Assets.xcassets */,
				629B89EA1F33694B00DB12AD /* LaunchScreen.storyboard */,
				629B89ED1F33694C00DB12AD /* Info.plist */,
			);
			path = convience;
			sourceTree = "<group>";
		};
/* End PBXGroup section */

/* Begin PBXNativeTarget section */
		629B89DD1F33694800DB12AD /* convience */ = {
			isa = PBXNativeTarget;
			buildConfigurationList = 629B89F01F33694C00DB12AD /* Build configuration list for PBXNativeTarget "convience" */;
			buildPhases = (
				629B89DA1F33694800DB12AD /* Sources */,
				629B89DB1F33694800DB12AD /* Frameworks */,
				629B89DC1F33694800DB12AD /* Resources */,
			);
			buildRules = (
			);
			dependencies = (
			);
			name = convience;
			productName = convience;
			productReference = 629B89DE1F33694800DB12AD /* convience.app */;
			productType = "com.apple.product-type.application";
		};
/* End PBXNativeTarget section */

/* Begin PBXProject section */
		629B89D61F33694700DB12AD /* Project object */ = {
			isa = PBXProject;
			attributes = {
				LastSwiftUpdateCheck = 0830;
				LastUpgradeCheck = 0830;
				ORGANIZATIONNAME = "Biken Maharjan";
				TargetAttributes = {
					629B89DD1F33694800DB12AD = {
						CreatedOnToolsVersion = 8.3.3;
						ProvisioningStyle = Automatic;
					};
				};
			};
			buildConfigurationList = 629B89D91F33694700DB12AD /* Build configuration list for PBXProject "convience" */;
			compatibilityVersion = "Xcode 3.2";
			developmentRegion = English;
			hasScannedForEncodings = 0;
			knownRegions = (
				en,
				Base,
			);
			mainGroup = 629B89D51F33694600DB12AD;
			productRefGroup = 629B89DF1F33694800DB12AD /* Products */;
			projectDirPath = "";
			projectRoot = "";
			targets = (
				629B89DD1F33694800DB12AD /* convience */,
			);
		};
/* End PBXProject section */

/* Begin PBXResourcesBuildPhase section */
		629B89DC1F33694800DB12AD /* Resources */ = {
			isa = PBXResourcesBuildPhase;
			buildActionMask = 2147483647;
			files = (
				629B89EC1F33694B00DB12AD /* LaunchScreen.storyboard in Resources */,
				629B89E91F33694A00DB12AD /* Assets.xcassets in Resources */,
				629B89E71F33694900DB12AD /* Main.storyboard in Resources */,
			);
			runOnlyForDeploymentPostprocessing = 0;
		};
/* End PBXResourcesBuildPhase section */

/* Begin PBXSourcesBuildPhase section */
		629B89DA1F33694800DB12AD /* Sources */ = {
			isa = PBXSourcesBuildPhase;
			buildActionMask = 2147483647;
			files = (
				629B89E41F33694800DB12AD /* ViewController.swift in Sources */,
				629B89E21F33694800DB12AD /* AppDelegate.swift in Sources */,
			);
			runOnlyForDeploymentPostprocessing = 0;
		};
/* End PBXSourcesBuildPhase section */

/* Begin PBXVariantGroup section */
		629B89E51F33694900DB12AD /* Main.storyboard */ = {
			isa = PBXVariantGroup;
			children = (
				629B89E61F33694900DB12AD /* Base */,
			);
			name = Main.storyboard;
			sourceTree = "<group>";
		};
		629B89EA1F33694B00DB12AD /* LaunchScreen.storyboard */ = {
			isa = PBXVariantGroup;
			children = (
				629B89EB1F33694B00DB12AD /* Base */,
			);
			name = LaunchScreen.storyboard;
			sourceTree = "<group>";
		};
/* End PBXVariantGroup section */

/* Begin XCBuildConfiguration section */
		629B89EE1F33694C00DB12AD /* Debug */ = {
			isa = XCBuildConfiguration;
			buildSettings = {
				ALWAYS_SEARCH_USER_PATHS = NO;
				CLANG_ANALYZER_NONNULL = YES;
				CLANG_ANALYZER_NUMBER_OBJECT_CONVERSION = YES_AGGRESSIVE;
				CLANG_CXX_LANGUAGE_STANDARD = "gnu++0x";
				CLANG_CXX_LIBRARY = "libc++";
				CLANG_ENABLE_MODULES = YES;
				CLANG_ENABLE_OBJC_ARC = YES;
				CLANG_WARN_BOOL_CONVERSION = YES;
				CLANG_WARN_CONSTANT_CONVERSION = YES;
				CLANG_WARN_DIRECT_OBJC_ISA_USAGE = YES_ERROR;
				CLANG_WARN_DOCUMENTATION_COMMENTS = YES;
				CLANG_WARN_EMPTY_BODY = YES;
				CLANG_WARN_ENUM_CONVERSION = YES;
				CLANG_WARN_INFINITE_RECURSION = YES;
				CLANG_WARN_INT_CONVERSION = YES;
				CLANG_WARN_OBJC_ROOT_CLASS = YES_ERROR;
				CLANG_WARN_SUSPICIOUS_MOVE = YES;
				CLANG_WARN_UNREACHABLE_CODE = YES;
				CLANG_WARN__DUPLICATE_METHOD_MATCH = YES;
				"CODE_SIGN_IDENTITY[sdk=iphoneos*]" = "iPhone Developer";
				COPY_PHASE_STRIP = NO;
				DEBUG_INFORMATION_FORMAT = dwarf;
				ENABLE_STRICT_OBJC_MSGSEND = YES;
				ENABLE_TESTABILITY = YES;
				GCC_C_LANGUAGE_STANDARD = gnu99;
				GCC_DYNAMIC_NO_PIC = NO;
				GCC_NO_COMMON_BLOCKS = YES;
				GCC_OPTIMIZATION_LEVEL = 0;
				GCC_PREPROCESSOR_DEFINITIONS = (
					"DEBUG=1",
					"$(inherited)",
				);
				GCC_WARN_64_TO_32_BIT_CONVERSION = YES;
				GCC_WARN_ABOUT_RETURN_TYPE = YES_ERROR;
				GCC_WARN_UNDECLARED_SELECTOR = YES;
				GCC_WARN_UNINITIALIZED_AUTOS = YES_AGGRESSIVE;
				GCC_WARN_UNUSED_FUNCTION = YES;
				GCC_WARN_UNUSED_VARIABLE = YES;
				IPHONEOS_DEPLOYMENT_TARGET = 10.3;
				MTL_ENABLE_DEBUG_INFO = YES;
				ONLY_ACTIVE_ARCH = YES;
				SDKROOT = iphoneos;
				SWIFT_ACTIVE_COMPILATION_CONDITIONS = DEBUG;
				SWIFT_OPTIMIZATION_LEVEL = "-Onone";
				TARGETED_DEVICE_FAMILY = "1,2";
			};
			name = Debug;
		};
		629B89EF1F33694C00DB12AD /* Release */ = {
			isa = XCBuildConfiguration;
			buildSettings = {
				ALWAYS_SEARCH_USER_PATHS = NO;
				CLANG_ANALYZER_NONNULL = YES;
				CLANG_ANALYZER_NUMBER_OBJECT_CONVERSION = YES_AGGRESSIVE;
				CLANG_CXX_LANGUAGE_STANDARD = "gnu++0x";
				CLANG_CXX_LIBRARY = "libc++";
				CLANG_ENABLE_MODULES = YES;
				CLANG_ENABLE_OBJC_ARC = YES;
				CLANG_WARN_BOOL_CONVERSION = YES;
				CLANG_WARN_CONSTANT_CONVERSION = YES;
				CLANG_WARN_DIRECT_OBJC_ISA_USAGE = YES_ERROR;
				CLANG_WARN_DOCUMENTATION_COMMENTS = YES;
				CLANG_WARN_EMPTY_BODY = YES;
				CLANG_WARN_ENUM_CONVERSION = YES;
				CLANG_WARN_INFINITE_RECURSION = YES;
				CLANG_WARN_INT_CONVERSION = YES;
				CLANG_WARN_OBJC_ROOT_CLASS = YES_ERROR;
				CLANG_WARN_SUSPICIOUS_MOVE = YES;
				CLANG_WARN_UNREACHABLE_CODE = YES;
				CLANG_WARN__DUPLICATE_METHOD_MATCH = YES;
				"CODE_SIGN_IDENTITY[sdk=iphoneos*]" = "iPhone Developer";
				COPY_PHASE_STRIP = NO;
				DEBUG_INFORMATION_FORMAT = "dwarf-with-dsym";
				ENABLE_NS_ASSERTIONS = NO;
				ENABLE_STRICT_OBJC_MSGSEND = YES;
				GCC_C_LANGUAGE_STANDARD = gnu99;
				GCC_NO_COMMON_BLOCKS = YES;
				GCC_WARN_64_TO_32_BIT_CONVERSION = YES;
				GCC_WARN_ABOUT_RETURN_TYPE = YES_ERROR;
				GCC_WARN_UNDECLARED_SELECTOR = YES;
				GCC_WARN_UNINITIALIZED_AUTOS = YES_AGGRESSIVE;
				GCC_WARN_UNUSED_FUNCTION = YES;
				GCC_WARN_UNUSED_VARIABLE = YES;
				IPHONEOS_DEPLOYMENT_TARGET = 10.3;
				MTL_ENABLE_DEBUG_INFO = NO;
				SDKROOT = iphoneos;
				SWIFT_OPTIMIZATION_LEVEL = "-Owholemodule";
				TARGETED_DEVICE_FAMILY = "1,2";
				VALIDATE_PRODUCT = YES;
			};
			name = Release;
		};
		629B89F11F33694C00DB12AD /* Debug */ = {
			isa = XCBuildConfiguration;
			buildSettings = {
				ASSETCATALOG_COMPILER_APPICON_NAME = AppIcon;
				INFOPLIST_FILE = convience/Info.plist;
				LD_RUNPATH_SEARCH_PATHS = "$(inherited) @executable_path/Frameworks";
				PRODUCT_BUNDLE_IDENTIFIER = projectKindle.convience;
				PRODUCT_NAME = "$(TARGET_NAME)";
				SWIFT_VERSION = 3.0;
			};
			name = Debug;
		};
		629B89F21F33694C00DB12AD /* Release */ = {
			isa = XCBuildConfiguration;
			buildSettings = {
				ASSETCATALOG_COMPILER_APPICON_NAME = AppIcon;
				INFOPLIST_FILE = convience/Info.plist;
				LD_RUNPATH_SEARCH_PATHS = "$(inherited) @executable_path/Frameworks";
				PRODUCT_BUNDLE_IDENTIFIER = projectKindle.convience;
				PRODUCT_NAME = "$(TARGET_NAME)";
				SWIFT_VERSION = 3.0;
			};
			name = Release;
		};
/* End XCBuildConfiguration section */

/* Begin XCConfigurationList section */
		629B89D91F33694700DB12AD /* Build configuration list for PBXProject "convience" */ = {
			isa = XCConfigurationList;
			buildConfigurations = (
				629B89EE1F33694C00DB12AD /* Debug */,
				629B89EF1F33694C00DB12AD /* Release */,
			);
			defaultConfigurationIsVisible = 0;
			defaultConfigurationName = Release;
		};
		629B89F01F33694C00DB12AD /* Build configuration list for PBXNativeTarget "convience" */ = {
			isa = XCConfigurationList;
			buildConfigurations = (
				629B89F11F33694C00DB12AD /* Debug */,
				629B89F21F33694C00DB12AD /* Release */,
			);
			defaultConfigurationIsVisible = 0;
		};
/* End XCConfigurationList section */
	};
	rootObject = 629B89D61F33694700DB12AD /* Project object */;
}
